// !$*UTF8*$!
{
	archiveVersion = 1;
	classes = {
	};
	objectVersion = 55;
	objects = {

/* Begin PBXBuildFile section */
		500E7E1527D11BD60034D8A1 /* QuestionnaireApp.swift in Sources */ = {isa = PBXBuildFile; fileRef = 500E7E1427D11BD60034D8A1 /* QuestionnaireApp.swift */; };
		500E7E1727D11BD60034D8A1 /* BackgroundQuestionsView.swift in Sources */ = {isa = PBXBuildFile; fileRef = 500E7E1627D11BD60034D8A1 /* BackgroundQuestionsView.swift */; };
		500E7E1927D11BD70034D8A1 /* Assets.xcassets in Resources */ = {isa = PBXBuildFile; fileRef = 500E7E1827D11BD70034D8A1 /* Assets.xcassets */; };
		500E7E1C27D11BD70034D8A1 /* Preview Assets.xcassets in Resources */ = {isa = PBXBuildFile; fileRef = 500E7E1B27D11BD70034D8A1 /* Preview Assets.xcassets */; };
		500E7E2327D11CA30034D8A1 /* PANAS.swift in Sources */ = {isa = PBXBuildFile; fileRef = 500E7E2227D11CA30034D8A1 /* PANAS.swift */; };
		500E7E2527D11CB40034D8A1 /* Questionnaire.swift in Sources */ = {isa = PBXBuildFile; fileRef = 500E7E2427D11CB40034D8A1 /* Questionnaire.swift */; };
		500E7E2827D138810034D8A1 /* QuestionnaireViewController.swift in Sources */ = {isa = PBXBuildFile; fileRef = 500E7E2727D138810034D8A1 /* QuestionnaireViewController.swift */; };
		500E7E2C27D140800034D8A1 /* PANASView.swift in Sources */ = {isa = PBXBuildFile; fileRef = 500E7E2B27D140800034D8A1 /* PANASView.swift */; };
		500E7E2E27D176090034D8A1 /* HomeView.swift in Sources */ = {isa = PBXBuildFile; fileRef = 500E7E2D27D176090034D8A1 /* HomeView.swift */; };
		500E7E3027D17A470034D8A1 /* ConcludingQuestionsView.swift in Sources */ = {isa = PBXBuildFile; fileRef = 500E7E2F27D17A470034D8A1 /* ConcludingQuestionsView.swift */; };
		500E7E3227D17FF10034D8A1 /* ViewModifiers.swift in Sources */ = {isa = PBXBuildFile; fileRef = 500E7E3127D17FF10034D8A1 /* ViewModifiers.swift */; };
/* End PBXBuildFile section */

/* Begin PBXFileReference section */
		500E7E1127D11BD60034D8A1 /* Questionnaire.app */ = {isa = PBXFileReference; explicitFileType = wrapper.application; includeInIndex = 0; path = Questionnaire.app; sourceTree = BUILT_PRODUCTS_DIR; };
		500E7E1427D11BD60034D8A1 /* QuestionnaireApp.swift */ = {isa = PBXFileReference; lastKnownFileType = sourcecode.swift; path = QuestionnaireApp.swift; sourceTree = "<group>"; };
		500E7E1627D11BD60034D8A1 /* BackgroundQuestionsView.swift */ = {isa = PBXFileReference; lastKnownFileType = sourcecode.swift; path = BackgroundQuestionsView.swift; sourceTree = "<group>"; };
		500E7E1827D11BD70034D8A1 /* Assets.xcassets */ = {isa = PBXFileReference; lastKnownFileType = folder.assetcatalog; path = Assets.xcassets; sourceTree = "<group>"; };
		500E7E1B27D11BD70034D8A1 /* Preview Assets.xcassets */ = {isa = PBXFileReference; lastKnownFileType = folder.assetcatalog; path = "Preview Assets.xcassets"; sourceTree = "<group>"; };
		500E7E2227D11CA30034D8A1 /* PANAS.swift */ = {isa = PBXFileReference; lastKnownFileType = sourcecode.swift; path = PANAS.swift; sourceTree = "<group>"; };
		500E7E2427D11CB40034D8A1 /* Questionnaire.swift */ = {isa = PBXFileReference; lastKnownFileType = sourcecode.swift; path = Questionnaire.swift; sourceTree = "<group>"; };
		500E7E2727D138810034D8A1 /* QuestionnaireViewController.swift */ = {isa = PBXFileReference; lastKnownFileType = sourcecode.swift; path = QuestionnaireViewController.swift; sourceTree = "<group>"; };
		500E7E2B27D140800034D8A1 /* PANASView.swift */ = {isa = PBXFileReference; lastKnownFileType = sourcecode.swift; path = PANASView.swift; sourceTree = "<group>"; };
		500E7E2D27D176090034D8A1 /* HomeView.swift */ = {isa = PBXFileReference; lastKnownFileType = sourcecode.swift; path = HomeView.swift; sourceTree = "<group>"; };
		500E7E2F27D17A470034D8A1 /* ConcludingQuestionsView.swift */ = {isa = PBXFileReference; lastKnownFileType = sourcecode.swift; path = ConcludingQuestionsView.swift; sourceTree = "<group>"; };
		500E7E3127D17FF10034D8A1 /* ViewModifiers.swift */ = {isa = PBXFileReference; lastKnownFileType = sourcecode.swift; path = ViewModifiers.swift; sourceTree = "<group>"; };
/* End PBXFileReference section */

/* Begin PBXFrameworksBuildPhase section */
		500E7E0E27D11BD60034D8A1 /* Frameworks */ = {
			isa = PBXFrameworksBuildPhase;
			buildActionMask = 2147483647;
			files = (
			);
			runOnlyForDeploymentPostprocessing = 0;
		};
/* End PBXFrameworksBuildPhase section */

/* Begin PBXGroup section */
		500E7E0827D11BD60034D8A1 = {
			isa = PBXGroup;
			children = (
				500E7E1327D11BD60034D8A1 /* Questionnaire */,
				500E7E1227D11BD60034D8A1 /* Products */,
			);
			sourceTree = "<group>";
		};
		500E7E1227D11BD60034D8A1 /* Products */ = {
			isa = PBXGroup;
			children = (
				500E7E1127D11BD60034D8A1 /* Questionnaire.app */,
			);
			name = Products;
			sourceTree = "<group>";
		};
		500E7E1327D11BD60034D8A1 /* Questionnaire */ = {
			isa = PBXGroup;
			children = (
				500E7E1427D11BD60034D8A1 /* QuestionnaireApp.swift */,
				500E7E1627D11BD60034D8A1 /* BackgroundQuestionsView.swift */,
				500E7E2F27D17A470034D8A1 /* ConcludingQuestionsView.swift */,
				500E7E2B27D140800034D8A1 /* PANASView.swift */,
				500E7E2727D138810034D8A1 /* QuestionnaireViewController.swift */,
				500E7E2D27D176090034D8A1 /* HomeView.swift */,
				500E7E3127D17FF10034D8A1 /* ViewModifiers.swift */,
				500E7E2627D11CBB0034D8A1 /* Model */,
				500E7E1827D11BD70034D8A1 /* Assets.xcassets */,
				500E7E1A27D11BD70034D8A1 /* Preview Content */,
			);
			path = Questionnaire;
			sourceTree = "<group>";
		};
		500E7E1A27D11BD70034D8A1 /* Preview Content */ = {
			isa = PBXGroup;
			children = (
				500E7E1B27D11BD70034D8A1 /* Preview Assets.xcassets */,
			);
			path = "Preview Content";
			sourceTree = "<group>";
		};
		500E7E2627D11CBB0034D8A1 /* Model */ = {
			isa = PBXGroup;
			children = (
				500E7E2227D11CA30034D8A1 /* PANAS.swift */,
				500E7E2427D11CB40034D8A1 /* Questionnaire.swift */,
			);
			path = Model;
			sourceTree = "<group>";
		};
/* End PBXGroup section */

/* Begin PBXNativeTarget section */
		500E7E1027D11BD60034D8A1 /* Questionnaire */ = {
			isa = PBXNativeTarget;
			buildConfigurationList = 500E7E1F27D11BD70034D8A1 /* Build configuration list for PBXNativeTarget "Questionnaire" */;
			buildPhases = (
				500E7E0D27D11BD60034D8A1 /* Sources */,
				500E7E0E27D11BD60034D8A1 /* Frameworks */,
				500E7E0F27D11BD60034D8A1 /* Resources */,
			);
			buildRules = (
			);
			dependencies = (
			);
			name = Questionnaire;
			productName = Questionnaire;
			productReference = 500E7E1127D11BD60034D8A1 /* Questionnaire.app */;
			productType = "com.apple.product-type.application";
		};
/* End PBXNativeTarget section */

/* Begin PBXProject section */
		500E7E0927D11BD60034D8A1 /* Project object */ = {
			isa = PBXProject;
			attributes = {
				BuildIndependentTargetsInParallel = 1;
				LastSwiftUpdateCheck = 1320;
				LastUpgradeCheck = 1320;
				TargetAttributes = {
					500E7E1027D11BD60034D8A1 = {
						CreatedOnToolsVersion = 13.2.1;
					};
				};
			};
			buildConfigurationList = 500E7E0C27D11BD60034D8A1 /* Build configuration list for PBXProject "Questionnaire" */;
			compatibilityVersion = "Xcode 13.0";
			developmentRegion = en;
			hasScannedForEncodings = 0;
			knownRegions = (
				en,
				Base,
			);
			mainGroup = 500E7E0827D11BD60034D8A1;
			productRefGroup = 500E7E1227D11BD60034D8A1 /* Products */;
			projectDirPath = "";
			projectRoot = "";
			targets = (
				500E7E1027D11BD60034D8A1 /* Questionnaire */,
			);
		};
/* End PBXProject section */

/* Begin PBXResourcesBuildPhase section */
		500E7E0F27D11BD60034D8A1 /* Resources */ = {
			isa = PBXResourcesBuildPhase;
			buildActionMask = 2147483647;
			files = (
				500E7E1C27D11BD70034D8A1 /* Preview Assets.xcassets in Resources */,
				500E7E1927D11BD70034D8A1 /* Assets.xcassets in Resources */,
			);
			runOnlyForDeploymentPostprocessing = 0;
		};
/* End PBXResourcesBuildPhase section */

/* Begin PBXSourcesBuildPhase section */
		500E7E0D27D11BD60034D8A1 /* Sources */ = {
			isa = PBXSourcesBuildPhase;
			buildActionMask = 2147483647;
			files = (
				500E7E3227D17FF10034D8A1 /* ViewModifiers.swift in Sources */,
				500E7E2327D11CA30034D8A1 /* PANAS.swift in Sources */,
				500E7E2E27D176090034D8A1 /* HomeView.swift in Sources */,
				500E7E2827D138810034D8A1 /* QuestionnaireViewController.swift in Sources */,
				500E7E2527D11CB40034D8A1 /* Questionnaire.swift in Sources */,
				500E7E1727D11BD60034D8A1 /* BackgroundQuestionsView.swift in Sources */,
				500E7E3027D17A470034D8A1 /* ConcludingQuestionsView.swift in Sources */,
				500E7E2C27D140800034D8A1 /* PANASView.swift in Sources */,
				500E7E1527D11BD60034D8A1 /* QuestionnaireApp.swift in Sources */,
			);
			runOnlyForDeploymentPostprocessing = 0;
		};
/* End PBXSourcesBuildPhase section */

/* Begin XCBuildConfiguration section */
		500E7E1D27D11BD70034D8A1 /* Debug */ = {
			isa = XCBuildConfiguration;
			buildSettings = {
				ALWAYS_SEARCH_USER_PATHS = NO;
				CLANG_ANALYZER_NONNULL = YES;
				CLANG_ANALYZER_NUMBER_OBJECT_CONVERSION = YES_AGGRESSIVE;
				CLANG_CXX_LANGUAGE_STANDARD = "gnu++17";
				CLANG_CXX_LIBRARY = "libc++";
				CLANG_ENABLE_MODULES = YES;
				CLANG_ENABLE_OBJC_ARC = YES;
				CLANG_ENABLE_OBJC_WEAK = YES;
				CLANG_WARN_BLOCK_CAPTURE_AUTORELEASING = YES;
				CLANG_WARN_BOOL_CONVERSION = YES;
				CLANG_WARN_COMMA = YES;
				CLANG_WARN_CONSTANT_CONVERSION = YES;
				CLANG_WARN_DEPRECATED_OBJC_IMPLEMENTATIONS = YES;
				CLANG_WARN_DIRECT_OBJC_ISA_USAGE = YES_ERROR;
				CLANG_WARN_DOCUMENTATION_COMMENTS = YES;
				CLANG_WARN_EMPTY_BODY = YES;
				CLANG_WARN_ENUM_CONVERSION = YES;
				CLANG_WARN_INFINITE_RECURSION = YES;
				CLANG_WARN_INT_CONVERSION = YES;
				CLANG_WARN_NON_LITERAL_NULL_CONVERSION = YES;
				CLANG_WARN_OBJC_IMPLICIT_RETAIN_SELF = YES;
				CLANG_WARN_OBJC_LITERAL_CONVERSION = YES;
				CLANG_WARN_OBJC_ROOT_CLASS = YES_ERROR;
				CLANG_WARN_QUOTED_INCLUDE_IN_FRAMEWORK_HEADER = YES;
				CLANG_WARN_RANGE_LOOP_ANALYSIS = YES;
				CLANG_WARN_STRICT_PROTOTYPES = YES;
				CLANG_WARN_SUSPICIOUS_MOVE = YES;
				CLANG_WARN_UNGUARDED_AVAILABILITY = YES_AGGRESSIVE;
				CLANG_WARN_UNREACHABLE_CODE = YES;
				CLANG_WARN__DUPLICATE_METHOD_MATCH = YES;
				COPY_PHASE_STRIP = NO;
				DEBUG_INFORMATION_FORMAT = dwarf;
				ENABLE_STRICT_OBJC_MSGSEND = YES;
				ENABLE_TESTABILITY = YES;
				GCC_C_LANGUAGE_STANDARD = gnu11;
				GCC_DYNAMIC_NO_PIC = NO;
				GCC_NO_COMMON_BLOCKS = YES;
				GCC_OPTIMIZATION_LEVEL = 0;
				GCC_PREPROCESSOR_DEFINITIONS = (
					"DEBUG=1",
					"$(inherited)",
				);
				GCC_WARN_64_TO_32_BIT_CONVERSION = YES;
				GCC_WARN_ABOUT_RETURN_TYPE = YES_ERROR;
				GCC_WARN_UNDECLARED_SELECTOR = YES;
				GCC_WARN_UNINITIALIZED_AUTOS = YES_AGGRESSIVE;
				GCC_WARN_UNUSED_FUNCTION = YES;
				GCC_WARN_UNUSED_VARIABLE = YES;
				IPHONEOS_DEPLOYMENT_TARGET = 15.0;
				MTL_ENABLE_DEBUG_INFO = INCLUDE_SOURCE;
				MTL_FAST_MATH = YES;
				ONLY_ACTIVE_ARCH = YES;
				SDKROOT = iphoneos;
				SWIFT_ACTIVE_COMPILATION_CONDITIONS = DEBUG;
				SWIFT_OPTIMIZATION_LEVEL = "-Onone";
			};
			name = Debug;
		};
		500E7E1E27D11BD70034D8A1 /* Release */ = {
			isa = XCBuildConfiguration;
			buildSettings = {
				ALWAYS_SEARCH_USER_PATHS = NO;
				CLANG_ANALYZER_NONNULL = YES;
				CLANG_ANALYZER_NUMBER_OBJECT_CONVERSION = YES_AGGRESSIVE;
				CLANG_CXX_LANGUAGE_STANDARD = "gnu++17";
				CLANG_CXX_LIBRARY = "libc++";
				CLANG_ENABLE_MODULES = YES;
				CLANG_ENABLE_OBJC_ARC = YES;
				CLANG_ENABLE_OBJC_WEAK = YES;
				CLANG_WARN_BLOCK_CAPTURE_AUTORELEASING = YES;
				CLANG_WARN_BOOL_CONVERSION = YES;
				CLANG_WARN_COMMA = YES;
				CLANG_WARN_CONSTANT_CONVERSION = YES;
				CLANG_WARN_DEPRECATED_OBJC_IMPLEMENTATIONS = YES;
				CLANG_WARN_DIRECT_OBJC_ISA_USAGE = YES_ERROR;
				CLANG_WARN_DOCUMENTATION_COMMENTS = YES;
				CLANG_WARN_EMPTY_BODY = YES;
				CLANG_WARN_ENUM_CONVERSION = YES;
				CLANG_WARN_INFINITE_RECURSION = YES;
				CLANG_WARN_INT_CONVERSION = YES;
				CLANG_WARN_NON_LITERAL_NULL_CONVERSION = YES;
				CLANG_WARN_OBJC_IMPLICIT_RETAIN_SELF = YES;
				CLANG_WARN_OBJC_LITERAL_CONVERSION = YES;
				CLANG_WARN_OBJC_ROOT_CLASS = YES_ERROR;
				CLANG_WARN_QUOTED_INCLUDE_IN_FRAMEWORK_HEADER = YES;
				CLANG_WARN_RANGE_LOOP_ANALYSIS = YES;
				CLANG_WARN_STRICT_PROTOTYPES = YES;
				CLANG_WARN_SUSPICIOUS_MOVE = YES;
				CLANG_WARN_UNGUARDED_AVAILABILITY = YES_AGGRESSIVE;
				CLANG_WARN_UNREACHABLE_CODE = YES;
				CLANG_WARN__DUPLICATE_METHOD_MATCH = YES;
				COPY_PHASE_STRIP = NO;
				DEBUG_INFORMATION_FORMAT = "dwarf-with-dsym";
				ENABLE_NS_ASSERTIONS = NO;
				ENABLE_STRICT_OBJC_MSGSEND = YES;
				GCC_C_LANGUAGE_STANDARD = gnu11;
				GCC_NO_COMMON_BLOCKS = YES;
				GCC_WARN_64_TO_32_BIT_CONVERSION = YES;
				GCC_WARN_ABOUT_RETURN_TYPE = YES_ERROR;
				GCC_WARN_UNDECLARED_SELECTOR = YES;
				GCC_WARN_UNINITIALIZED_AUTOS = YES_AGGRESSIVE;
				GCC_WARN_UNUSED_FUNCTION = YES;
				GCC_WARN_UNUSED_VARIABLE = YES;
				IPHONEOS_DEPLOYMENT_TARGET = 15.0;
				MTL_ENABLE_DEBUG_INFO = NO;
				MTL_FAST_MATH = YES;
				SDKROOT = iphoneos;
				SWIFT_COMPILATION_MODE = wholemodule;
				SWIFT_OPTIMIZATION_LEVEL = "-O";
				VALIDATE_PRODUCT = YES;
			};
			name = Release;
		};
		500E7E2027D11BD70034D8A1 /* Debug */ = {
			isa = XCBuildConfiguration;
			buildSettings = {
				ASSETCATALOG_COMPILER_APPICON_NAME = AppIcon;
				ASSETCATALOG_COMPILER_GLOBAL_ACCENT_COLOR_NAME = AccentColor;
				CODE_SIGN_STYLE = Automatic;
				CURRENT_PROJECT_VERSION = 1;
				DEVELOPMENT_ASSET_PATHS = "\"Questionnaire/Preview Content\"";
				DEVELOPMENT_TEAM = XDPTRV2722;
				ENABLE_PREVIEWS = YES;
				GENERATE_INFOPLIST_FILE = YES;
				INFOPLIST_KEY_UIApplicationSceneManifest_Generation = YES;
				INFOPLIST_KEY_UIApplicationSupportsIndirectInputEvents = YES;
				INFOPLIST_KEY_UILaunchScreen_Generation = YES;
				INFOPLIST_KEY_UISupportedInterfaceOrientations_iPad = "UIInterfaceOrientationPortrait UIInterfaceOrientationPortraitUpsideDown UIInterfaceOrientationLandscapeLeft UIInterfaceOrientationLandscapeRight";
				INFOPLIST_KEY_UISupportedInterfaceOrientations_iPhone = "UIInterfaceOrientationPortrait UIInterfaceOrientationLandscapeLeft UIInterfaceOrientationLandscapeRight";
				LD_RUNPATH_SEARCH_PATHS = (
					"$(inherited)",
					"@executable_path/Frameworks",
				);
				MARKETING_VERSION = 1.0;
				PRODUCT_BUNDLE_IDENTIFIER = ninja.xquan.Questionnaire;
				PRODUCT_NAME = "$(TARGET_NAME)";
				SWIFT_EMIT_LOC_STRINGS = YES;
				SWIFT_VERSION = 5.0;
				TARGETED_DEVICE_FAMILY = "1,2";
			};
			name = Debug;
		};
		500E7E2127D11BD70034D8A1 /* Release */ = {
			isa = XCBuildConfiguration;
			buildSettings = {
				ASSETCATALOG_COMPILER_APPICON_NAME = AppIcon;
				ASSETCATALOG_COMPILER_GLOBAL_ACCENT_COLOR_NAME = AccentColor;
				CODE_SIGN_STYLE = Automatic;
				CURRENT_PROJECT_VERSION = 1;
				DEVELOPMENT_ASSET_PATHS = "\"Questionnaire/Preview Content\"";
				DEVELOPMENT_TEAM = XDPTRV2722;
				ENABLE_PREVIEWS = YES;
				GENERATE_INFOPLIST_FILE = YES;
				INFOPLIST_KEY_UIApplicationSceneManifest_Generation = YES;
				INFOPLIST_KEY_UIApplicationSupportsIndirectInputEvents = YES;
				INFOPLIST_KEY_UILaunchScreen_Generation = YES;
				INFOPLIST_KEY_UISupportedInterfaceOrientations_iPad = "UIInterfaceOrientationPortrait UIInterfaceOrientationPortraitUpsideDown UIInterfaceOrientationLandscapeLeft UIInterfaceOrientationLandscapeRight";
				INFOPLIST_KEY_UISupportedInterfaceOrientations_iPhone = "UIInterfaceOrientationPortrait UIInterfaceOrientationLandscapeLeft UIInterfaceOrientationLandscapeRight";
				LD_RUNPATH_SEARCH_PATHS = (
					"$(inherited)",
					"@executable_path/Frameworks",
				);
				MARKETING_VERSION = 1.0;
				PRODUCT_BUNDLE_IDENTIFIER = ninja.xquan.Questionnaire;
				PRODUCT_NAME = "$(TARGET_NAME)";
				SWIFT_EMIT_LOC_STRINGS = YES;
				SWIFT_VERSION = 5.0;
				TARGETED_DEVICE_FAMILY = "1,2";
			};
			name = Release;
		};
/* End XCBuildConfiguration section */

/* Begin XCConfigurationList section */
		500E7E0C27D11BD60034D8A1 /* Build configuration list for PBXProject "Questionnaire" */ = {
			isa = XCConfigurationList;
			buildConfigurations = (
				500E7E1D27D11BD70034D8A1 /* Debug */,
				500E7E1E27D11BD70034D8A1 /* Release */,
			);
			defaultConfigurationIsVisible = 0;
			defaultConfigurationName = Release;
		};
		500E7E1F27D11BD70034D8A1 /* Build configuration list for PBXNativeTarget "Questionnaire" */ = {
			isa = XCConfigurationList;
			buildConfigurations = (
				500E7E2027D11BD70034D8A1 /* Debug */,
				500E7E2127D11BD70034D8A1 /* Release */,
			);
			defaultConfigurationIsVisible = 0;
			defaultConfigurationName = Release;
		};
/* End XCConfigurationList section */
	};
	rootObject = 500E7E0927D11BD60034D8A1 /* Project object */;
}
